PODS:
  - Alamofire (3.4.0)
  - AlamofireSwiftyJSON (0.1.1):
    - Alamofire (~> 3.4)
    - SwiftyJSON (~> 2.3)
  - HanekeSwift (0.10.1)
  - RxAlamofire (2.5):
    - RxAlamofire/Core (= 2.5)
  - RxAlamofire/Core (2.5):
    - Alamofire (~> 3.4)
    - RxSwift (~> 2.5)
  - RxSwift (2.5.0)
  - Spring (1.0.3)
  - SwiftyJSON (2.3.2)

DEPENDENCIES:
  - AlamofireSwiftyJSON
  - HanekeSwift
<<<<<<< HEAD
  - RxBlocking (~> 2.0)
  - RxCocoa (~> 2.0)
  - RxSwift (~> 2.0)
  - Spring (from `https://github.com/MengTo/Spring.git`, branch `swift2`)

EXTERNAL SOURCES:
  Spring:
    :branch: swift2
    :git: https://github.com/MengTo/Spring.git

CHECKOUT OPTIONS:
  Spring:
    :commit: 18d5c7b74489de8044e34767f856d1e574f0820e
    :git: https://github.com/MengTo/Spring.git
=======
  - RxAlamofire
>>>>>>> master

SPEC CHECKSUMS:
  Alamofire: c19a627cefd6a95f840401c49ab1f124e07f54ee
  AlamofireSwiftyJSON: 4787ff07c7e6687b787f1723229e729653e3359f
  HanekeSwift: 08e47d3d0f2899ec58e5d257beba0de619aca9e8
  RxAlamofire: b4572a077b6b2410c8732a27266299df4c00736e
  RxSwift: 402b41a50e922a0368fc14cb3bc9f4427920e8ae
  Spring: 3f02b5dc3308572ef177b3cad0fa7bbc4b0706f7
  SwiftyJSON: 04ccea08915aa0109039157c7974cf0298da292a

<<<<<<< HEAD
COCOAPODS: 0.39.0
=======
PODFILE CHECKSUM: 03f7c45471c973f274130fb11d271fa6b4eaec9e

COCOAPODS: 1.0.0
>>>>>>> master
