// !$*UTF8*$!
{
	archiveVersion = 1;
	classes = {
	};
	objectVersion = 46;
	objects = {

/* Begin PBXBuildFile section */
		5233514F1D3BC325004A6C05 /* PopUpImagesViewController.swift in Sources */ = {isa = PBXBuildFile; fileRef = 5233514D1D3BC325004A6C05 /* PopUpImagesViewController.swift */; };
		523351501D3BC325004A6C05 /* PopUpImagesView.xib in Resources */ = {isa = PBXBuildFile; fileRef = 5233514E1D3BC325004A6C05 /* PopUpImagesView.xib */; };
		5256B1251D330D620049ED9A /* MyProfileCellView.xib in Resources */ = {isa = PBXBuildFile; fileRef = 5256B1241D330D620049ED9A /* MyProfileCellView.xib */; };
		5256B1271D3310600049ED9A /* MyProfileCell.swift in Sources */ = {isa = PBXBuildFile; fileRef = 5256B1261D3310600049ED9A /* MyProfileCell.swift */; };
		5272E1801D2C17E3007211E4 /* StartUpController.swift in Sources */ = {isa = PBXBuildFile; fileRef = 5272E17E1D2C17E3007211E4 /* StartUpController.swift */; };
		527CDB601D1B786F001C6251 /* LoginViewController.swift in Sources */ = {isa = PBXBuildFile; fileRef = 527CDB5F1D1B786F001C6251 /* LoginViewController.swift */; };
		527F870B1D2B09F000D0E1EC /* ServicesViewController.swift in Sources */ = {isa = PBXBuildFile; fileRef = 527F87091D2B09F000D0E1EC /* ServicesViewController.swift */; };
		527F870F1D2B28BC00D0E1EC /* LocationViewController.swift in Sources */ = {isa = PBXBuildFile; fileRef = 527F870D1D2B28BC00D0E1EC /* LocationViewController.swift */; };
		527F87101D2B28BC00D0E1EC /* LocationView.xib in Resources */ = {isa = PBXBuildFile; fileRef = 527F870E1D2B28BC00D0E1EC /* LocationView.xib */; };
		527F87131D2B297B00D0E1EC /* AddServiceViewController.swift in Sources */ = {isa = PBXBuildFile; fileRef = 527F87111D2B297B00D0E1EC /* AddServiceViewController.swift */; };
		527F87141D2B297B00D0E1EC /* AddServiceView.xib in Resources */ = {isa = PBXBuildFile; fileRef = 527F87121D2B297B00D0E1EC /* AddServiceView.xib */; };
		527F87171D2B29A200D0E1EC /* NotificationsViewController.swift in Sources */ = {isa = PBXBuildFile; fileRef = 527F87151D2B29A200D0E1EC /* NotificationsViewController.swift */; };
		527F87181D2B29A200D0E1EC /* NotificationsView.xib in Resources */ = {isa = PBXBuildFile; fileRef = 527F87161D2B29A200D0E1EC /* NotificationsView.xib */; };
		527F871B1D2B29C500D0E1EC /* MyProfileViewController.swift in Sources */ = {isa = PBXBuildFile; fileRef = 527F87191D2B29C500D0E1EC /* MyProfileViewController.swift */; };
		527F871C1D2B29C500D0E1EC /* MyProfileView.xib in Resources */ = {isa = PBXBuildFile; fileRef = 527F871A1D2B29C500D0E1EC /* MyProfileView.xib */; };
		5282521F1D359BB30041A992 /* DetailServiceViewController.swift in Sources */ = {isa = PBXBuildFile; fileRef = 5282521D1D359BB30041A992 /* DetailServiceViewController.swift */; };
		528252201D359BB30041A992 /* DetailServiceView.xib in Resources */ = {isa = PBXBuildFile; fileRef = 5282521E1D359BB30041A992 /* DetailServiceView.xib */; };
		52837DBF1D3ED7B100ED98FB /* RoundedCornersImages.swift in Sources */ = {isa = PBXBuildFile; fileRef = 52837DBE1D3ED7B100ED98FB /* RoundedCornersImages.swift */; };
		52837DC11D3EDDCD00ED98FB /* RoundedCornersButtons.swift in Sources */ = {isa = PBXBuildFile; fileRef = 52837DC01D3EDDCD00ED98FB /* RoundedCornersButtons.swift */; };
		5295D2521D3462A9009F93E7 /* RegisterViewController.swift in Sources */ = {isa = PBXBuildFile; fileRef = 5295D2501D3462A9009F93E7 /* RegisterViewController.swift */; };
		5295D2531D3462A9009F93E7 /* RegisterView.xib in Resources */ = {isa = PBXBuildFile; fileRef = 5295D2511D3462A9009F93E7 /* RegisterView.xib */; };
		52D37E081D2EC811009F2FC3 /* ServiceCellView.xib in Resources */ = {isa = PBXBuildFile; fileRef = 52D37E071D2EC811009F2FC3 /* ServiceCellView.xib */; };
		52D37E0A1D2ECC88009F2FC3 /* RoundedCorners.swift in Sources */ = {isa = PBXBuildFile; fileRef = 52D37E091D2ECC88009F2FC3 /* RoundedCorners.swift */; };
		52D37E0D1D2EDB63009F2FC3 /* ServiceCell.swift in Sources */ = {isa = PBXBuildFile; fileRef = 52D37E0C1D2EDB63009F2FC3 /* ServiceCell.swift */; };
		52DD0E0E1D18655200A2E55E /* Main.storyboard in Resources */ = {isa = PBXBuildFile; fileRef = 52DD0E0D1D18655200A2E55E /* Main.storyboard */; };
		52DFD0A61D37ED6A000C4FE4 /* UserRegisterViewController.swift in Sources */ = {isa = PBXBuildFile; fileRef = 52DFD0A41D37ED6A000C4FE4 /* UserRegisterViewController.swift */; };
		52DFD0A71D37ED6A000C4FE4 /* UserRegisterView.xib in Resources */ = {isa = PBXBuildFile; fileRef = 52DFD0A51D37ED6A000C4FE4 /* UserRegisterView.xib */; };
		52E9730D1D29246D007696FB /* CustomActivityIndicatorView.swift in Sources */ = {isa = PBXBuildFile; fileRef = 52E9730C1D29246D007696FB /* CustomActivityIndicatorView.swift */; };
		52EF05CD1D2E4D82001B0FE4 /* Appearance.swift in Sources */ = {isa = PBXBuildFile; fileRef = 52EF05CC1D2E4D82001B0FE4 /* Appearance.swift */; };
		52F367AB1D28FBFF0064583C /* LoginView.xib in Resources */ = {isa = PBXBuildFile; fileRef = 52F367AA1D28FBFF0064583C /* LoginView.xib */; };
		7924E66C1D3A88A900D758AD /* CircularImageButton.swift in Sources */ = {isa = PBXBuildFile; fileRef = 7924E66A1D3A88A900D758AD /* CircularImageButton.swift */; };
		7924E66D1D3A88A900D758AD /* CircularImageView.swift in Sources */ = {isa = PBXBuildFile; fileRef = 7924E66B1D3A88A900D758AD /* CircularImageView.swift */; };
		7939EC421D3A400C009C5359 /* Extensions.swift in Sources */ = {isa = PBXBuildFile; fileRef = 7939EC411D3A400C009C5359 /* Extensions.swift */; };
		793E1D2E1D32890B00A6324A /* Utils.swift in Sources */ = {isa = PBXBuildFile; fileRef = 793E1D2D1D32890B00A6324A /* Utils.swift */; };
		79CA66DB1D36F73900C67E67 /* MapKit.framework in Frameworks */ = {isa = PBXBuildFile; fileRef = 79CA66DA1D36F73900C67E67 /* MapKit.framework */; };
		79CA66DD1D3703FB00C67E67 /* ServicesView.xib in Resources */ = {isa = PBXBuildFile; fileRef = 79CA66DC1D3703FB00C67E67 /* ServicesView.xib */; };
		79F418211D043B36002131C7 /* AppDelegate.swift in Sources */ = {isa = PBXBuildFile; fileRef = 79F418201D043B36002131C7 /* AppDelegate.swift */; };
		79F418231D043B36002131C7 /* Assets.xcassets in Resources */ = {isa = PBXBuildFile; fileRef = 79F418221D043B36002131C7 /* Assets.xcassets */; };
		79F418261D043B36002131C7 /* LaunchScreen.storyboard in Resources */ = {isa = PBXBuildFile; fileRef = 79F418241D043B36002131C7 /* LaunchScreen.storyboard */; };
		79F418311D043B36002131C7 /* iCanGo_iOSTests.swift in Sources */ = {isa = PBXBuildFile; fileRef = 79F418301D043B36002131C7 /* iCanGo_iOSTests.swift */; };
		79F4183E1D043B56002131C7 /* .git in Resources */ = {isa = PBXBuildFile; fileRef = 79F4183B1D043B56002131C7 /* .git */; };
		79F4183F1D043B56002131C7 /* .gitignore in Resources */ = {isa = PBXBuildFile; fileRef = 79F4183C1D043B56002131C7 /* .gitignore */; };
		79F418401D043B56002131C7 /* README.md in Resources */ = {isa = PBXBuildFile; fileRef = 79F4183D1D043B56002131C7 /* README.md */; };
		79F4184A1D043E3D002131C7 /* PodFile in Resources */ = {isa = PBXBuildFile; fileRef = 79F418491D043E3D002131C7 /* PodFile */; };
		A9D495034C1BC3A48FFE7AF8 /* Pods_iCanGo_iOS.framework in Frameworks */ = {isa = PBXBuildFile; fileRef = D9BCFB28C96273CCDD0CF172 /* Pods_iCanGo_iOS.framework */; };
		D305B23D1D24FDCF0072B634 /* Localization.swift in Sources */ = {isa = PBXBuildFile; fileRef = D305B23C1D24FDCF0072B634 /* Localization.swift */; };
		D308447A1D23AE1400A25CF4 /* Response.swift in Sources */ = {isa = PBXBuildFile; fileRef = D30844791D23AE1400A25CF4 /* Response.swift */; };
		D3567BC01D1BC38B00E5A5EE /* User.swift in Sources */ = {isa = PBXBuildFile; fileRef = D3567BBF1D1BC38B00E5A5EE /* User.swift */; };
		D375F2AD1D34150F00EE6A57 /* ServiceImage.swift in Sources */ = {isa = PBXBuildFile; fileRef = D375F2AC1D34150F00EE6A57 /* ServiceImage.swift */; };
		D37630EC1D058F660001E29F /* Resource.swift in Sources */ = {isa = PBXBuildFile; fileRef = D37630EB1D058F660001E29F /* Resource.swift */; };
		D37630EE1D05B5F40001E29F /* APIRequest.swift in Sources */ = {isa = PBXBuildFile; fileRef = D37630ED1D05B5F40001E29F /* APIRequest.swift */; };
		D37630F01D05C0FB0001E29F /* iCanGO-iOS.md in Resources */ = {isa = PBXBuildFile; fileRef = D37630EF1D05C0FB0001E29F /* iCanGO-iOS.md */; };
		D37630F31D05C1960001E29F /* JSONDecodable.swift in Sources */ = {isa = PBXBuildFile; fileRef = D37630F21D05C1960001E29F /* JSONDecodable.swift */; };
		D37630F61D05CA770001E29F /* Service.swift in Sources */ = {isa = PBXBuildFile; fileRef = D37630F51D05CA770001E29F /* Service.swift */; };
		D37630FC1D06C0CA0001E29F /* Framework.swift in Sources */ = {isa = PBXBuildFile; fileRef = D37630FB1D06C0CA0001E29F /* Framework.swift */; };
		D37630FE1D06CA280001E29F /* Session.swift in Sources */ = {isa = PBXBuildFile; fileRef = D37630FD1D06CA280001E29F /* Session.swift */; };
		D37631001D06D2A10001E29F /* ICanGoSession.swift in Sources */ = {isa = PBXBuildFile; fileRef = D37630FF1D06D2A10001E29F /* ICanGoSession.swift */; };
		D37631021D06D3090001E29F /* Constants.swift in Sources */ = {isa = PBXBuildFile; fileRef = D37631011D06D3090001E29F /* Constants.swift */; };
/* End PBXBuildFile section */

/* Begin PBXContainerItemProxy section */
		79F4182D1D043B36002131C7 /* PBXContainerItemProxy */ = {
			isa = PBXContainerItemProxy;
			containerPortal = 79F418151D043B36002131C7 /* Project object */;
			proxyType = 1;
			remoteGlobalIDString = 79F4181C1D043B36002131C7;
			remoteInfo = "iCanGo-iOS";
		};
/* End PBXContainerItemProxy section */

/* Begin PBXFileReference section */
		5233514D1D3BC325004A6C05 /* PopUpImagesViewController.swift */ = {isa = PBXFileReference; fileEncoding = 4; lastKnownFileType = sourcecode.swift; path = PopUpImagesViewController.swift; sourceTree = "<group>"; };
		5233514E1D3BC325004A6C05 /* PopUpImagesView.xib */ = {isa = PBXFileReference; fileEncoding = 4; lastKnownFileType = file.xib; path = PopUpImagesView.xib; sourceTree = "<group>"; };
		5256B1241D330D620049ED9A /* MyProfileCellView.xib */ = {isa = PBXFileReference; fileEncoding = 4; lastKnownFileType = file.xib; path = MyProfileCellView.xib; sourceTree = "<group>"; };
		5256B1261D3310600049ED9A /* MyProfileCell.swift */ = {isa = PBXFileReference; fileEncoding = 4; lastKnownFileType = sourcecode.swift; path = MyProfileCell.swift; sourceTree = "<group>"; };
		5272E17E1D2C17E3007211E4 /* StartUpController.swift */ = {isa = PBXFileReference; fileEncoding = 4; lastKnownFileType = sourcecode.swift; path = StartUpController.swift; sourceTree = "<group>"; };
		527CDB5F1D1B786F001C6251 /* LoginViewController.swift */ = {isa = PBXFileReference; fileEncoding = 4; lastKnownFileType = sourcecode.swift; path = LoginViewController.swift; sourceTree = "<group>"; };
		527F87091D2B09F000D0E1EC /* ServicesViewController.swift */ = {isa = PBXFileReference; fileEncoding = 4; lastKnownFileType = sourcecode.swift; path = ServicesViewController.swift; sourceTree = "<group>"; };
		527F870D1D2B28BC00D0E1EC /* LocationViewController.swift */ = {isa = PBXFileReference; fileEncoding = 4; lastKnownFileType = sourcecode.swift; path = LocationViewController.swift; sourceTree = "<group>"; };
		527F870E1D2B28BC00D0E1EC /* LocationView.xib */ = {isa = PBXFileReference; fileEncoding = 4; lastKnownFileType = file.xib; path = LocationView.xib; sourceTree = "<group>"; };
		527F87111D2B297B00D0E1EC /* AddServiceViewController.swift */ = {isa = PBXFileReference; fileEncoding = 4; lastKnownFileType = sourcecode.swift; path = AddServiceViewController.swift; sourceTree = "<group>"; };
		527F87121D2B297B00D0E1EC /* AddServiceView.xib */ = {isa = PBXFileReference; fileEncoding = 4; lastKnownFileType = file.xib; path = AddServiceView.xib; sourceTree = "<group>"; };
		527F87151D2B29A200D0E1EC /* NotificationsViewController.swift */ = {isa = PBXFileReference; fileEncoding = 4; lastKnownFileType = sourcecode.swift; path = NotificationsViewController.swift; sourceTree = "<group>"; };
		527F87161D2B29A200D0E1EC /* NotificationsView.xib */ = {isa = PBXFileReference; fileEncoding = 4; lastKnownFileType = file.xib; path = NotificationsView.xib; sourceTree = "<group>"; };
		527F87191D2B29C500D0E1EC /* MyProfileViewController.swift */ = {isa = PBXFileReference; fileEncoding = 4; lastKnownFileType = sourcecode.swift; path = MyProfileViewController.swift; sourceTree = "<group>"; };
		527F871A1D2B29C500D0E1EC /* MyProfileView.xib */ = {isa = PBXFileReference; fileEncoding = 4; lastKnownFileType = file.xib; path = MyProfileView.xib; sourceTree = "<group>"; };
		5282521D1D359BB30041A992 /* DetailServiceViewController.swift */ = {isa = PBXFileReference; fileEncoding = 4; lastKnownFileType = sourcecode.swift; path = DetailServiceViewController.swift; sourceTree = "<group>"; };
		5282521E1D359BB30041A992 /* DetailServiceView.xib */ = {isa = PBXFileReference; fileEncoding = 4; lastKnownFileType = file.xib; path = DetailServiceView.xib; sourceTree = "<group>"; };
		52837DBE1D3ED7B100ED98FB /* RoundedCornersImages.swift */ = {isa = PBXFileReference; fileEncoding = 4; lastKnownFileType = sourcecode.swift; path = RoundedCornersImages.swift; sourceTree = "<group>"; };
		52837DC01D3EDDCD00ED98FB /* RoundedCornersButtons.swift */ = {isa = PBXFileReference; fileEncoding = 4; lastKnownFileType = sourcecode.swift; path = RoundedCornersButtons.swift; sourceTree = "<group>"; };
		5295D2501D3462A9009F93E7 /* RegisterViewController.swift */ = {isa = PBXFileReference; fileEncoding = 4; lastKnownFileType = sourcecode.swift; path = RegisterViewController.swift; sourceTree = "<group>"; };
		5295D2511D3462A9009F93E7 /* RegisterView.xib */ = {isa = PBXFileReference; fileEncoding = 4; lastKnownFileType = file.xib; path = RegisterView.xib; sourceTree = "<group>"; };
		52D37E071D2EC811009F2FC3 /* ServiceCellView.xib */ = {isa = PBXFileReference; fileEncoding = 4; lastKnownFileType = file.xib; path = ServiceCellView.xib; sourceTree = "<group>"; };
		52D37E091D2ECC88009F2FC3 /* RoundedCorners.swift */ = {isa = PBXFileReference; fileEncoding = 4; lastKnownFileType = sourcecode.swift; path = RoundedCorners.swift; sourceTree = "<group>"; };
		52D37E0C1D2EDB63009F2FC3 /* ServiceCell.swift */ = {isa = PBXFileReference; fileEncoding = 4; lastKnownFileType = sourcecode.swift; path = ServiceCell.swift; sourceTree = "<group>"; };
		52DD0E0D1D18655200A2E55E /* Main.storyboard */ = {isa = PBXFileReference; fileEncoding = 4; lastKnownFileType = file.storyboard; path = Main.storyboard; sourceTree = "<group>"; };
		52DFD0A41D37ED6A000C4FE4 /* UserRegisterViewController.swift */ = {isa = PBXFileReference; fileEncoding = 4; lastKnownFileType = sourcecode.swift; path = UserRegisterViewController.swift; sourceTree = "<group>"; };
		52DFD0A51D37ED6A000C4FE4 /* UserRegisterView.xib */ = {isa = PBXFileReference; fileEncoding = 4; lastKnownFileType = file.xib; path = UserRegisterView.xib; sourceTree = "<group>"; };
		52E9730C1D29246D007696FB /* CustomActivityIndicatorView.swift */ = {isa = PBXFileReference; fileEncoding = 4; lastKnownFileType = sourcecode.swift; path = CustomActivityIndicatorView.swift; sourceTree = "<group>"; };
		52EF05CC1D2E4D82001B0FE4 /* Appearance.swift */ = {isa = PBXFileReference; fileEncoding = 4; lastKnownFileType = sourcecode.swift; path = Appearance.swift; sourceTree = "<group>"; };
		52F367AA1D28FBFF0064583C /* LoginView.xib */ = {isa = PBXFileReference; fileEncoding = 4; lastKnownFileType = file.xib; path = LoginView.xib; sourceTree = "<group>"; };
		7924E66A1D3A88A900D758AD /* CircularImageButton.swift */ = {isa = PBXFileReference; fileEncoding = 4; lastKnownFileType = sourcecode.swift; path = CircularImageButton.swift; sourceTree = "<group>"; };
		7924E66B1D3A88A900D758AD /* CircularImageView.swift */ = {isa = PBXFileReference; fileEncoding = 4; lastKnownFileType = sourcecode.swift; path = CircularImageView.swift; sourceTree = "<group>"; };
		7939EC411D3A400C009C5359 /* Extensions.swift */ = {isa = PBXFileReference; fileEncoding = 4; lastKnownFileType = sourcecode.swift; path = Extensions.swift; sourceTree = "<group>"; };
		793E1D2D1D32890B00A6324A /* Utils.swift */ = {isa = PBXFileReference; fileEncoding = 4; lastKnownFileType = sourcecode.swift; path = Utils.swift; sourceTree = "<group>"; };
		79CA66DA1D36F73900C67E67 /* MapKit.framework */ = {isa = PBXFileReference; lastKnownFileType = wrapper.framework; name = MapKit.framework; path = System/Library/Frameworks/MapKit.framework; sourceTree = SDKROOT; };
		79CA66DC1D3703FB00C67E67 /* ServicesView.xib */ = {isa = PBXFileReference; fileEncoding = 4; lastKnownFileType = file.xib; path = ServicesView.xib; sourceTree = "<group>"; };
		79F4181D1D043B36002131C7 /* iCanGo-iOS.app */ = {isa = PBXFileReference; explicitFileType = wrapper.application; includeInIndex = 0; path = "iCanGo-iOS.app"; sourceTree = BUILT_PRODUCTS_DIR; };
		79F418201D043B36002131C7 /* AppDelegate.swift */ = {isa = PBXFileReference; lastKnownFileType = sourcecode.swift; path = AppDelegate.swift; sourceTree = "<group>"; };
		79F418221D043B36002131C7 /* Assets.xcassets */ = {isa = PBXFileReference; lastKnownFileType = folder.assetcatalog; path = Assets.xcassets; sourceTree = "<group>"; };
		79F418251D043B36002131C7 /* Base */ = {isa = PBXFileReference; lastKnownFileType = file.storyboard; name = Base; path = Base.lproj/LaunchScreen.storyboard; sourceTree = "<group>"; };
		79F418271D043B36002131C7 /* Info.plist */ = {isa = PBXFileReference; lastKnownFileType = text.plist.xml; path = Info.plist; sourceTree = "<group>"; };
		79F4182C1D043B36002131C7 /* iCanGo-iOSTests.xctest */ = {isa = PBXFileReference; explicitFileType = wrapper.cfbundle; includeInIndex = 0; path = "iCanGo-iOSTests.xctest"; sourceTree = BUILT_PRODUCTS_DIR; };
		79F418301D043B36002131C7 /* iCanGo_iOSTests.swift */ = {isa = PBXFileReference; lastKnownFileType = sourcecode.swift; path = iCanGo_iOSTests.swift; sourceTree = "<group>"; };
		79F418321D043B36002131C7 /* Info.plist */ = {isa = PBXFileReference; lastKnownFileType = text.plist.xml; path = Info.plist; sourceTree = "<group>"; };
		79F4183B1D043B56002131C7 /* .git */ = {isa = PBXFileReference; lastKnownFileType = folder; path = .git; sourceTree = "<group>"; };
		79F4183C1D043B56002131C7 /* .gitignore */ = {isa = PBXFileReference; fileEncoding = 4; lastKnownFileType = text; path = .gitignore; sourceTree = "<group>"; };
		79F4183D1D043B56002131C7 /* README.md */ = {isa = PBXFileReference; fileEncoding = 4; lastKnownFileType = net.daringfireball.markdown; name = README.md; path = ../README.md; sourceTree = "<group>"; };
		79F418491D043E3D002131C7 /* PodFile */ = {isa = PBXFileReference; fileEncoding = 4; lastKnownFileType = text; name = PodFile; path = ../PodFile; sourceTree = "<group>"; };
		ACA2D280BC84CE3643A31256 /* Pods-iCanGo-iOS.debug.xcconfig */ = {isa = PBXFileReference; includeInIndex = 1; lastKnownFileType = text.xcconfig; name = "Pods-iCanGo-iOS.debug.xcconfig"; path = "Pods/Target Support Files/Pods-iCanGo-iOS/Pods-iCanGo-iOS.debug.xcconfig"; sourceTree = "<group>"; };
		D305B23C1D24FDCF0072B634 /* Localization.swift */ = {isa = PBXFileReference; fileEncoding = 4; lastKnownFileType = sourcecode.swift; path = Localization.swift; sourceTree = "<group>"; };
		D30844791D23AE1400A25CF4 /* Response.swift */ = {isa = PBXFileReference; fileEncoding = 4; lastKnownFileType = sourcecode.swift; path = Response.swift; sourceTree = "<group>"; };
		D3567BBF1D1BC38B00E5A5EE /* User.swift */ = {isa = PBXFileReference; fileEncoding = 4; lastKnownFileType = sourcecode.swift; path = User.swift; sourceTree = "<group>"; };
		D375F2AC1D34150F00EE6A57 /* ServiceImage.swift */ = {isa = PBXFileReference; fileEncoding = 4; lastKnownFileType = sourcecode.swift; path = ServiceImage.swift; sourceTree = "<group>"; };
		D37630EB1D058F660001E29F /* Resource.swift */ = {isa = PBXFileReference; fileEncoding = 4; lastKnownFileType = sourcecode.swift; path = Resource.swift; sourceTree = "<group>"; };
		D37630ED1D05B5F40001E29F /* APIRequest.swift */ = {isa = PBXFileReference; fileEncoding = 4; lastKnownFileType = sourcecode.swift; path = APIRequest.swift; sourceTree = "<group>"; };
		D37630EF1D05C0FB0001E29F /* iCanGO-iOS.md */ = {isa = PBXFileReference; fileEncoding = 4; lastKnownFileType = net.daringfireball.markdown; name = "iCanGO-iOS.md"; path = "../iCanGO-iOS.md"; sourceTree = "<group>"; };
		D37630F21D05C1960001E29F /* JSONDecodable.swift */ = {isa = PBXFileReference; fileEncoding = 4; lastKnownFileType = sourcecode.swift; path = JSONDecodable.swift; sourceTree = "<group>"; };
		D37630F51D05CA770001E29F /* Service.swift */ = {isa = PBXFileReference; fileEncoding = 4; lastKnownFileType = sourcecode.swift; path = Service.swift; sourceTree = "<group>"; };
		D37630FB1D06C0CA0001E29F /* Framework.swift */ = {isa = PBXFileReference; fileEncoding = 4; lastKnownFileType = sourcecode.swift; path = Framework.swift; sourceTree = "<group>"; };
		D37630FD1D06CA280001E29F /* Session.swift */ = {isa = PBXFileReference; fileEncoding = 4; lastKnownFileType = sourcecode.swift; path = Session.swift; sourceTree = "<group>"; };
		D37630FF1D06D2A10001E29F /* ICanGoSession.swift */ = {isa = PBXFileReference; fileEncoding = 4; lastKnownFileType = sourcecode.swift; path = ICanGoSession.swift; sourceTree = "<group>"; };
		D37631011D06D3090001E29F /* Constants.swift */ = {isa = PBXFileReference; fileEncoding = 4; lastKnownFileType = sourcecode.swift; path = Constants.swift; sourceTree = "<group>"; };
		D9BCFB28C96273CCDD0CF172 /* Pods_iCanGo_iOS.framework */ = {isa = PBXFileReference; explicitFileType = wrapper.framework; includeInIndex = 0; path = Pods_iCanGo_iOS.framework; sourceTree = BUILT_PRODUCTS_DIR; };
		FD015E1B48C5387CAA502C8B /* Pods-iCanGo-iOS.release.xcconfig */ = {isa = PBXFileReference; includeInIndex = 1; lastKnownFileType = text.xcconfig; name = "Pods-iCanGo-iOS.release.xcconfig"; path = "Pods/Target Support Files/Pods-iCanGo-iOS/Pods-iCanGo-iOS.release.xcconfig"; sourceTree = "<group>"; };
/* End PBXFileReference section */

/* Begin PBXFrameworksBuildPhase section */
		79F4181A1D043B36002131C7 /* Frameworks */ = {
			isa = PBXFrameworksBuildPhase;
			buildActionMask = 2147483647;
			files = (
				79CA66DB1D36F73900C67E67 /* MapKit.framework in Frameworks */,
				A9D495034C1BC3A48FFE7AF8 /* Pods_iCanGo_iOS.framework in Frameworks */,
			);
			runOnlyForDeploymentPostprocessing = 0;
		};
		79F418291D043B36002131C7 /* Frameworks */ = {
			isa = PBXFrameworksBuildPhase;
			buildActionMask = 2147483647;
			files = (
			);
			runOnlyForDeploymentPostprocessing = 0;
		};
/* End PBXFrameworksBuildPhase section */

/* Begin PBXGroup section */
		5256B1281D3312310049ED9A /* Cells */ = {
			isa = PBXGroup;
			children = (
				7924E66A1D3A88A900D758AD /* CircularImageButton.swift */,
				7924E66B1D3A88A900D758AD /* CircularImageView.swift */,
				5256B1261D3310600049ED9A /* MyProfileCell.swift */,
				52D37E0C1D2EDB63009F2FC3 /* ServiceCell.swift */,
			);
			name = Cells;
			sourceTree = "<group>";
		};
		52D37E0B1D2ED537009F2FC3 /* Views */ = {
			isa = PBXGroup;
			children = (
				527F87121D2B297B00D0E1EC /* AddServiceView.xib */,
				5282521E1D359BB30041A992 /* DetailServiceView.xib */,
				527F870E1D2B28BC00D0E1EC /* LocationView.xib */,
				52F367AA1D28FBFF0064583C /* LoginView.xib */,
				527F871A1D2B29C500D0E1EC /* MyProfileView.xib */,
				527F87161D2B29A200D0E1EC /* NotificationsView.xib */,
				5233514E1D3BC325004A6C05 /* PopUpImagesView.xib */,
				5295D2511D3462A9009F93E7 /* RegisterView.xib */,
				52DFD0A51D37ED6A000C4FE4 /* UserRegisterView.xib */,
				79CA66DC1D3703FB00C67E67 /* ServicesView.xib */,
			);
			name = Views;
			sourceTree = "<group>";
		};
		75C1F3C32F5EAFD6E2B1FFDB /* Frameworks */ = {
			isa = PBXGroup;
			children = (
				79CA66DA1D36F73900C67E67 /* MapKit.framework */,
				D9BCFB28C96273CCDD0CF172 /* Pods_iCanGo_iOS.framework */,
			);
			name = Frameworks;
			sourceTree = "<group>";
		};
		79F418141D043B36002131C7 = {
			isa = PBXGroup;
			children = (
				79F4181F1D043B36002131C7 /* iCanGo-iOS */,
				79F4182F1D043B36002131C7 /* iCanGo-iOSTests */,
				79F4183B1D043B56002131C7 /* .git */,
				79F4183C1D043B56002131C7 /* .gitignore */,
				79F4181E1D043B36002131C7 /* Products */,
				C0E0D60C82725310329E6B6E /* Pods */,
				75C1F3C32F5EAFD6E2B1FFDB /* Frameworks */,
			);
			sourceTree = "<group>";
		};
		79F4181E1D043B36002131C7 /* Products */ = {
			isa = PBXGroup;
			children = (
				79F4181D1D043B36002131C7 /* iCanGo-iOS.app */,
				79F4182C1D043B36002131C7 /* iCanGo-iOSTests.xctest */,
			);
			name = Products;
			sourceTree = "<group>";
		};
		79F4181F1D043B36002131C7 /* iCanGo-iOS */ = {
			isa = PBXGroup;
			children = (
				D37630F81D06BF5F0001E29F /* Helpers */,
				79F418421D043B8D002131C7 /* Common */,
				79F418441D043BB0002131C7 /* Models */,
				79F418481D043C13002131C7 /* Storyboards */,
				79F418471D043C0E002131C7 /* Cells */,
				79F418431D043BA6002131C7 /* Controllers */,
				52D37E0B1D2ED537009F2FC3 /* Views */,
				79F418461D043C01002131C7 /* Themes */,
				79F418451D043BEE002131C7 /* API */,
				D37631031D0704A30001E29F /* Docs */,
			);
			path = "iCanGo-iOS";
			sourceTree = "<group>";
		};
		79F4182F1D043B36002131C7 /* iCanGo-iOSTests */ = {
			isa = PBXGroup;
			children = (
				79F418301D043B36002131C7 /* iCanGo_iOSTests.swift */,
				79F418321D043B36002131C7 /* Info.plist */,
			);
			path = "iCanGo-iOSTests";
			sourceTree = "<group>";
		};
		79F418421D043B8D002131C7 /* Common */ = {
			isa = PBXGroup;
			children = (
				79F418221D043B36002131C7 /* Assets.xcassets */,
				79F418201D043B36002131C7 /* AppDelegate.swift */,
				D37631011D06D3090001E29F /* Constants.swift */,
				79F418271D043B36002131C7 /* Info.plist */,
			);
			name = Common;
			sourceTree = "<group>";
		};
		79F418431D043BA6002131C7 /* Controllers */ = {
			isa = PBXGroup;
			children = (
				5256B1281D3312310049ED9A /* Cells */,
				527F87111D2B297B00D0E1EC /* AddServiceViewController.swift */,
				5282521D1D359BB30041A992 /* DetailServiceViewController.swift */,
				527F870D1D2B28BC00D0E1EC /* LocationViewController.swift */,
				527CDB5F1D1B786F001C6251 /* LoginViewController.swift */,
				527F87191D2B29C500D0E1EC /* MyProfileViewController.swift */,
				527F87151D2B29A200D0E1EC /* NotificationsViewController.swift */,
				5233514D1D3BC325004A6C05 /* PopUpImagesViewController.swift */,
				5295D2501D3462A9009F93E7 /* RegisterViewController.swift */,
				527F87091D2B09F000D0E1EC /* ServicesViewController.swift */,
				5272E17E1D2C17E3007211E4 /* StartUpController.swift */,
				52DFD0A41D37ED6A000C4FE4 /* UserRegisterViewController.swift */,
			);
			name = Controllers;
			sourceTree = "<group>";
		};
		79F418441D043BB0002131C7 /* Models */ = {
			isa = PBXGroup;
			children = (
				D37630F41D05C3310001E29F /* Model */,
				D37630F11D05C1550001E29F /* JSON */,
				D37630EA1D058F4A0001E29F /* Network */,
			);
			name = Models;
			sourceTree = "<group>";
		};
		79F418451D043BEE002131C7 /* API */ = {
			isa = PBXGroup;
			children = (
				79F418491D043E3D002131C7 /* PodFile */,
			);
			name = API;
			sourceTree = "<group>";
		};
		79F418461D043C01002131C7 /* Themes */ = {
			isa = PBXGroup;
			children = (
				52EF05CC1D2E4D82001B0FE4 /* Appearance.swift */,
				52E9730C1D29246D007696FB /* CustomActivityIndicatorView.swift */,
				52D37E091D2ECC88009F2FC3 /* RoundedCorners.swift */,
				52837DBE1D3ED7B100ED98FB /* RoundedCornersImages.swift */,
				52837DC01D3EDDCD00ED98FB /* RoundedCornersButtons.swift */,
			);
			name = Themes;
			sourceTree = "<group>";
		};
		79F418471D043C0E002131C7 /* Cells */ = {
			isa = PBXGroup;
			children = (
				52D37E071D2EC811009F2FC3 /* ServiceCellView.xib */,
				5256B1241D330D620049ED9A /* MyProfileCellView.xib */,
			);
			name = Cells;
			sourceTree = "<group>";
		};
		79F418481D043C13002131C7 /* Storyboards */ = {
			isa = PBXGroup;
			children = (
				79F418241D043B36002131C7 /* LaunchScreen.storyboard */,
				52DD0E0D1D18655200A2E55E /* Main.storyboard */,
			);
			name = Storyboards;
			sourceTree = "<group>";
		};
		C0E0D60C82725310329E6B6E /* Pods */ = {
			isa = PBXGroup;
			children = (
				ACA2D280BC84CE3643A31256 /* Pods-iCanGo-iOS.debug.xcconfig */,
				FD015E1B48C5387CAA502C8B /* Pods-iCanGo-iOS.release.xcconfig */,
			);
			name = Pods;
			sourceTree = "<group>";
		};
		D37630EA1D058F4A0001E29F /* Network */ = {
			isa = PBXGroup;
			children = (
				D37630EB1D058F660001E29F /* Resource.swift */,
				D37630ED1D05B5F40001E29F /* APIRequest.swift */,
				D37630FD1D06CA280001E29F /* Session.swift */,
				D37630FF1D06D2A10001E29F /* ICanGoSession.swift */,
			);
			name = Network;
			sourceTree = "<group>";
		};
		D37630F11D05C1550001E29F /* JSON */ = {
			isa = PBXGroup;
			children = (
				D37630F21D05C1960001E29F /* JSONDecodable.swift */,
			);
			name = JSON;
			sourceTree = "<group>";
		};
		D37630F41D05C3310001E29F /* Model */ = {
			isa = PBXGroup;
			children = (
				D37630F51D05CA770001E29F /* Service.swift */,
				D375F2AC1D34150F00EE6A57 /* ServiceImage.swift */,
				D3567BBF1D1BC38B00E5A5EE /* User.swift */,
				D30844791D23AE1400A25CF4 /* Response.swift */,
			);
			name = Model;
			sourceTree = "<group>";
		};
		D37630F81D06BF5F0001E29F /* Helpers */ = {
			isa = PBXGroup;
			children = (
				D37630FB1D06C0CA0001E29F /* Framework.swift */,
				D305B23C1D24FDCF0072B634 /* Localization.swift */,
				793E1D2D1D32890B00A6324A /* Utils.swift */,
				7939EC411D3A400C009C5359 /* Extensions.swift */,
			);
			name = Helpers;
			sourceTree = "<group>";
		};
		D37631031D0704A30001E29F /* Docs */ = {
			isa = PBXGroup;
			children = (
				D37630EF1D05C0FB0001E29F /* iCanGO-iOS.md */,
				79F4183D1D043B56002131C7 /* README.md */,
			);
			name = Docs;
			sourceTree = "<group>";
		};
/* End PBXGroup section */

/* Begin PBXNativeTarget section */
		79F4181C1D043B36002131C7 /* iCanGo-iOS */ = {
			isa = PBXNativeTarget;
			buildConfigurationList = 79F418351D043B36002131C7 /* Build configuration list for PBXNativeTarget "iCanGo-iOS" */;
			buildPhases = (
				4F5D1E1EDCF6A024C8CDFE78 /* [CP] Check Pods Manifest.lock */,
				79F418191D043B36002131C7 /* Sources */,
				79F4181A1D043B36002131C7 /* Frameworks */,
				79F4181B1D043B36002131C7 /* Resources */,
				2775D9FF85AABEA458110650 /* [CP] Embed Pods Frameworks */,
				69F9627FA661F8BB90DF0A38 /* [CP] Copy Pods Resources */,
			);
			buildRules = (
			);
			dependencies = (
			);
			name = "iCanGo-iOS";
			productName = "iCanGo-iOS";
			productReference = 79F4181D1D043B36002131C7 /* iCanGo-iOS.app */;
			productType = "com.apple.product-type.application";
		};
		79F4182B1D043B36002131C7 /* iCanGo-iOSTests */ = {
			isa = PBXNativeTarget;
			buildConfigurationList = 79F418381D043B36002131C7 /* Build configuration list for PBXNativeTarget "iCanGo-iOSTests" */;
			buildPhases = (
				79F418281D043B36002131C7 /* Sources */,
				79F418291D043B36002131C7 /* Frameworks */,
				79F4182A1D043B36002131C7 /* Resources */,
			);
			buildRules = (
			);
			dependencies = (
				79F4182E1D043B36002131C7 /* PBXTargetDependency */,
			);
			name = "iCanGo-iOSTests";
			productName = "iCanGo-iOSTests";
			productReference = 79F4182C1D043B36002131C7 /* iCanGo-iOSTests.xctest */;
			productType = "com.apple.product-type.bundle.unit-test";
		};
/* End PBXNativeTarget section */

/* Begin PBXProject section */
		79F418151D043B36002131C7 /* Project object */ = {
			isa = PBXProject;
			attributes = {
				LastSwiftUpdateCheck = 0730;
				LastUpgradeCheck = 0730;
				ORGANIZATIONNAME = CodeCrafters;
				TargetAttributes = {
					79F4181C1D043B36002131C7 = {
						CreatedOnToolsVersion = 7.3;
					};
					79F4182B1D043B36002131C7 = {
						CreatedOnToolsVersion = 7.3;
						DevelopmentTeam = UWCRT7HLJN;
						TestTargetID = 79F4181C1D043B36002131C7;
					};
				};
			};
			buildConfigurationList = 79F418181D043B36002131C7 /* Build configuration list for PBXProject "iCanGo-iOS" */;
			compatibilityVersion = "Xcode 3.2";
			developmentRegion = English;
			hasScannedForEncodings = 0;
			knownRegions = (
				en,
				Base,
			);
			mainGroup = 79F418141D043B36002131C7;
			productRefGroup = 79F4181E1D043B36002131C7 /* Products */;
			projectDirPath = "";
			projectRoot = "";
			targets = (
				79F4181C1D043B36002131C7 /* iCanGo-iOS */,
				79F4182B1D043B36002131C7 /* iCanGo-iOSTests */,
			);
		};
/* End PBXProject section */

/* Begin PBXResourcesBuildPhase section */
		79F4181B1D043B36002131C7 /* Resources */ = {
			isa = PBXResourcesBuildPhase;
			buildActionMask = 2147483647;
			files = (
				79F4183F1D043B56002131C7 /* .gitignore in Resources */,
				79F4184A1D043E3D002131C7 /* PodFile in Resources */,
				527F87141D2B297B00D0E1EC /* AddServiceView.xib in Resources */,
				52F367AB1D28FBFF0064583C /* LoginView.xib in Resources */,
				528252201D359BB30041A992 /* DetailServiceView.xib in Resources */,
				79F418231D043B36002131C7 /* Assets.xcassets in Resources */,
				79CA66DD1D3703FB00C67E67 /* ServicesView.xib in Resources */,
				523351501D3BC325004A6C05 /* PopUpImagesView.xib in Resources */,
				52DD0E0E1D18655200A2E55E /* Main.storyboard in Resources */,
				527F87101D2B28BC00D0E1EC /* LocationView.xib in Resources */,
				527F87181D2B29A200D0E1EC /* NotificationsView.xib in Resources */,
				5256B1251D330D620049ED9A /* MyProfileCellView.xib in Resources */,
				527F871C1D2B29C500D0E1EC /* MyProfileView.xib in Resources */,
				5295D2531D3462A9009F93E7 /* RegisterView.xib in Resources */,
				79F4183E1D043B56002131C7 /* .git in Resources */,
				52DFD0A71D37ED6A000C4FE4 /* UserRegisterView.xib in Resources */,
				52D37E081D2EC811009F2FC3 /* ServiceCellView.xib in Resources */,
				79F418261D043B36002131C7 /* LaunchScreen.storyboard in Resources */,
				79F418401D043B56002131C7 /* README.md in Resources */,
				D37630F01D05C0FB0001E29F /* iCanGO-iOS.md in Resources */,
			);
			runOnlyForDeploymentPostprocessing = 0;
		};
		79F4182A1D043B36002131C7 /* Resources */ = {
			isa = PBXResourcesBuildPhase;
			buildActionMask = 2147483647;
			files = (
			);
			runOnlyForDeploymentPostprocessing = 0;
		};
/* End PBXResourcesBuildPhase section */

/* Begin PBXShellScriptBuildPhase section */
		2775D9FF85AABEA458110650 /* [CP] Embed Pods Frameworks */ = {
			isa = PBXShellScriptBuildPhase;
			buildActionMask = 2147483647;
			files = (
			);
			inputPaths = (
			);
			name = "[CP] Embed Pods Frameworks";
			outputPaths = (
			);
			runOnlyForDeploymentPostprocessing = 0;
			shellPath = /bin/sh;
			shellScript = "\"${SRCROOT}/Pods/Target Support Files/Pods-iCanGo-iOS/Pods-iCanGo-iOS-frameworks.sh\"\n";
			showEnvVarsInLog = 0;
		};
		4F5D1E1EDCF6A024C8CDFE78 /* [CP] Check Pods Manifest.lock */ = {
			isa = PBXShellScriptBuildPhase;
			buildActionMask = 2147483647;
			files = (
			);
			inputPaths = (
			);
			name = "[CP] Check Pods Manifest.lock";
			outputPaths = (
			);
			runOnlyForDeploymentPostprocessing = 0;
			shellPath = /bin/sh;
			shellScript = "diff \"${PODS_ROOT}/../Podfile.lock\" \"${PODS_ROOT}/Manifest.lock\" > /dev/null\nif [[ $? != 0 ]] ; then\n    cat << EOM\nerror: The sandbox is not in sync with the Podfile.lock. Run 'pod install' or update your CocoaPods installation.\nEOM\n    exit 1\nfi\n";
			showEnvVarsInLog = 0;
		};
		69F9627FA661F8BB90DF0A38 /* [CP] Copy Pods Resources */ = {
			isa = PBXShellScriptBuildPhase;
			buildActionMask = 2147483647;
			files = (
			);
			inputPaths = (
			);
			name = "[CP] Copy Pods Resources";
			outputPaths = (
			);
			runOnlyForDeploymentPostprocessing = 0;
			shellPath = /bin/sh;
			shellScript = "\"${SRCROOT}/Pods/Target Support Files/Pods-iCanGo-iOS/Pods-iCanGo-iOS-resources.sh\"\n";
			showEnvVarsInLog = 0;
		};
/* End PBXShellScriptBuildPhase section */

/* Begin PBXSourcesBuildPhase section */
		79F418191D043B36002131C7 /* Sources */ = {
			isa = PBXSourcesBuildPhase;
			buildActionMask = 2147483647;
			files = (
				D37630FE1D06CA280001E29F /* Session.swift in Sources */,
				D37630FC1D06C0CA0001E29F /* Framework.swift in Sources */,
				D37630EC1D058F660001E29F /* Resource.swift in Sources */,
				527F870B1D2B09F000D0E1EC /* ServicesViewController.swift in Sources */,
				5272E1801D2C17E3007211E4 /* StartUpController.swift in Sources */,
				7924E66D1D3A88A900D758AD /* CircularImageView.swift in Sources */,
				D37631001D06D2A10001E29F /* ICanGoSession.swift in Sources */,
				D308447A1D23AE1400A25CF4 /* Response.swift in Sources */,
				52837DC11D3EDDCD00ED98FB /* RoundedCornersButtons.swift in Sources */,
				52837DBF1D3ED7B100ED98FB /* RoundedCornersImages.swift in Sources */,
				D305B23D1D24FDCF0072B634 /* Localization.swift in Sources */,
				D37630EE1D05B5F40001E29F /* APIRequest.swift in Sources */,
				D37630F61D05CA770001E29F /* Service.swift in Sources */,
				52D37E0A1D2ECC88009F2FC3 /* RoundedCorners.swift in Sources */,
				527F870F1D2B28BC00D0E1EC /* LocationViewController.swift in Sources */,
				5295D2521D3462A9009F93E7 /* RegisterViewController.swift in Sources */,
				7924E66C1D3A88A900D758AD /* CircularImageButton.swift in Sources */,
				527F87131D2B297B00D0E1EC /* AddServiceViewController.swift in Sources */,
				79F418211D043B36002131C7 /* AppDelegate.swift in Sources */,
				D37630F31D05C1960001E29F /* JSONDecodable.swift in Sources */,
				52EF05CD1D2E4D82001B0FE4 /* Appearance.swift in Sources */,
				5233514F1D3BC325004A6C05 /* PopUpImagesViewController.swift in Sources */,
				52DFD0A61D37ED6A000C4FE4 /* UserRegisterViewController.swift in Sources */,
				527CDB601D1B786F001C6251 /* LoginViewController.swift in Sources */,
				D375F2AD1D34150F00EE6A57 /* ServiceImage.swift in Sources */,
				D37631021D06D3090001E29F /* Constants.swift in Sources */,
				527F87171D2B29A200D0E1EC /* NotificationsViewController.swift in Sources */,
				52E9730D1D29246D007696FB /* CustomActivityIndicatorView.swift in Sources */,
				5282521F1D359BB30041A992 /* DetailServiceViewController.swift in Sources */,
				527F871B1D2B29C500D0E1EC /* MyProfileViewController.swift in Sources */,
				7939EC421D3A400C009C5359 /* Extensions.swift in Sources */,
				D3567BC01D1BC38B00E5A5EE /* User.swift in Sources */,
				5256B1271D3310600049ED9A /* MyProfileCell.swift in Sources */,
				52D37E0D1D2EDB63009F2FC3 /* ServiceCell.swift in Sources */,
				793E1D2E1D32890B00A6324A /* Utils.swift in Sources */,
			);
			runOnlyForDeploymentPostprocessing = 0;
		};
		79F418281D043B36002131C7 /* Sources */ = {
			isa = PBXSourcesBuildPhase;
			buildActionMask = 2147483647;
			files = (
				79F418311D043B36002131C7 /* iCanGo_iOSTests.swift in Sources */,
			);
			runOnlyForDeploymentPostprocessing = 0;
		};
/* End PBXSourcesBuildPhase section */

/* Begin PBXTargetDependency section */
		79F4182E1D043B36002131C7 /* PBXTargetDependency */ = {
			isa = PBXTargetDependency;
			target = 79F4181C1D043B36002131C7 /* iCanGo-iOS */;
			targetProxy = 79F4182D1D043B36002131C7 /* PBXContainerItemProxy */;
		};
/* End PBXTargetDependency section */

/* Begin PBXVariantGroup section */
		79F418241D043B36002131C7 /* LaunchScreen.storyboard */ = {
			isa = PBXVariantGroup;
			children = (
				79F418251D043B36002131C7 /* Base */,
			);
			name = LaunchScreen.storyboard;
			sourceTree = "<group>";
		};
/* End PBXVariantGroup section */

/* Begin XCBuildConfiguration section */
		79F418331D043B36002131C7 /* Debug */ = {
			isa = XCBuildConfiguration;
			buildSettings = {
				ALWAYS_SEARCH_USER_PATHS = NO;
				CLANG_ANALYZER_NONNULL = YES;
				CLANG_CXX_LANGUAGE_STANDARD = "gnu++0x";
				CLANG_CXX_LIBRARY = "libc++";
				CLANG_ENABLE_MODULES = YES;
				CLANG_ENABLE_OBJC_ARC = YES;
				CLANG_WARN_BOOL_CONVERSION = YES;
				CLANG_WARN_CONSTANT_CONVERSION = YES;
				CLANG_WARN_DIRECT_OBJC_ISA_USAGE = YES_ERROR;
				CLANG_WARN_EMPTY_BODY = YES;
				CLANG_WARN_ENUM_CONVERSION = YES;
				CLANG_WARN_INT_CONVERSION = YES;
				CLANG_WARN_OBJC_ROOT_CLASS = YES_ERROR;
				CLANG_WARN_UNREACHABLE_CODE = YES;
				CLANG_WARN__DUPLICATE_METHOD_MATCH = YES;
				"CODE_SIGN_IDENTITY[sdk=iphoneos*]" = "iPhone Developer";
				COPY_PHASE_STRIP = NO;
				DEBUG_INFORMATION_FORMAT = dwarf;
				ENABLE_STRICT_OBJC_MSGSEND = YES;
				ENABLE_TESTABILITY = YES;
				GCC_C_LANGUAGE_STANDARD = gnu99;
				GCC_DYNAMIC_NO_PIC = NO;
				GCC_NO_COMMON_BLOCKS = YES;
				GCC_OPTIMIZATION_LEVEL = 0;
				GCC_PREPROCESSOR_DEFINITIONS = (
					"DEBUG=1",
					"$(inherited)",
				);
				GCC_WARN_64_TO_32_BIT_CONVERSION = YES;
				GCC_WARN_ABOUT_RETURN_TYPE = YES_ERROR;
				GCC_WARN_UNDECLARED_SELECTOR = YES;
				GCC_WARN_UNINITIALIZED_AUTOS = YES_AGGRESSIVE;
				GCC_WARN_UNUSED_FUNCTION = YES;
				GCC_WARN_UNUSED_VARIABLE = YES;
				IPHONEOS_DEPLOYMENT_TARGET = 9.3;
				MTL_ENABLE_DEBUG_INFO = YES;
				ONLY_ACTIVE_ARCH = YES;
				SDKROOT = iphoneos;
				SWIFT_OPTIMIZATION_LEVEL = "-Onone";
			};
			name = Debug;
		};
		79F418341D043B36002131C7 /* Release */ = {
			isa = XCBuildConfiguration;
			buildSettings = {
				ALWAYS_SEARCH_USER_PATHS = NO;
				CLANG_ANALYZER_NONNULL = YES;
				CLANG_CXX_LANGUAGE_STANDARD = "gnu++0x";
				CLANG_CXX_LIBRARY = "libc++";
				CLANG_ENABLE_MODULES = YES;
				CLANG_ENABLE_OBJC_ARC = YES;
				CLANG_WARN_BOOL_CONVERSION = YES;
				CLANG_WARN_CONSTANT_CONVERSION = YES;
				CLANG_WARN_DIRECT_OBJC_ISA_USAGE = YES_ERROR;
				CLANG_WARN_EMPTY_BODY = YES;
				CLANG_WARN_ENUM_CONVERSION = YES;
				CLANG_WARN_INT_CONVERSION = YES;
				CLANG_WARN_OBJC_ROOT_CLASS = YES_ERROR;
				CLANG_WARN_UNREACHABLE_CODE = YES;
				CLANG_WARN__DUPLICATE_METHOD_MATCH = YES;
				"CODE_SIGN_IDENTITY[sdk=iphoneos*]" = "iPhone Developer";
				COPY_PHASE_STRIP = NO;
				DEBUG_INFORMATION_FORMAT = "dwarf-with-dsym";
				ENABLE_NS_ASSERTIONS = NO;
				ENABLE_STRICT_OBJC_MSGSEND = YES;
				GCC_C_LANGUAGE_STANDARD = gnu99;
				GCC_NO_COMMON_BLOCKS = YES;
				GCC_WARN_64_TO_32_BIT_CONVERSION = YES;
				GCC_WARN_ABOUT_RETURN_TYPE = YES_ERROR;
				GCC_WARN_UNDECLARED_SELECTOR = YES;
				GCC_WARN_UNINITIALIZED_AUTOS = YES_AGGRESSIVE;
				GCC_WARN_UNUSED_FUNCTION = YES;
				GCC_WARN_UNUSED_VARIABLE = YES;
				IPHONEOS_DEPLOYMENT_TARGET = 9.3;
				MTL_ENABLE_DEBUG_INFO = NO;
				SDKROOT = iphoneos;
				VALIDATE_PRODUCT = YES;
			};
			name = Release;
		};
		79F418361D043B36002131C7 /* Debug */ = {
			isa = XCBuildConfiguration;
			baseConfigurationReference = ACA2D280BC84CE3643A31256 /* Pods-iCanGo-iOS.debug.xcconfig */;
			buildSettings = {
				ASSETCATALOG_COMPILER_APPICON_NAME = AppIcon;
				CODE_SIGN_IDENTITY = "iPhone Developer";
				"CODE_SIGN_IDENTITY[sdk=iphoneos*]" = "iPhone Developer";
				INFOPLIST_FILE = "iCanGo-iOS/Info.plist";
				LD_RUNPATH_SEARCH_PATHS = "$(inherited) @executable_path/Frameworks";
				PRODUCT_BUNDLE_IDENTIFIER = "com.codecrafters.iCanGo-iOS";
				PRODUCT_NAME = "$(TARGET_NAME)";
				PROVISIONING_PROFILE = "";
			};
			name = Debug;
		};
		79F418371D043B36002131C7 /* Release */ = {
			isa = XCBuildConfiguration;
			baseConfigurationReference = FD015E1B48C5387CAA502C8B /* Pods-iCanGo-iOS.release.xcconfig */;
			buildSettings = {
				ASSETCATALOG_COMPILER_APPICON_NAME = AppIcon;
				CODE_SIGN_IDENTITY = "iPhone Developer";
				"CODE_SIGN_IDENTITY[sdk=iphoneos*]" = "iPhone Developer";
				INFOPLIST_FILE = "iCanGo-iOS/Info.plist";
				LD_RUNPATH_SEARCH_PATHS = "$(inherited) @executable_path/Frameworks";
				PRODUCT_BUNDLE_IDENTIFIER = "com.codecrafters.iCanGo-iOS";
				PRODUCT_NAME = "$(TARGET_NAME)";
				PROVISIONING_PROFILE = "";
			};
			name = Release;
		};
		79F418391D043B36002131C7 /* Debug */ = {
			isa = XCBuildConfiguration;
			buildSettings = {
				BUNDLE_LOADER = "$(TEST_HOST)";
				INFOPLIST_FILE = "iCanGo-iOSTests/Info.plist";
				LD_RUNPATH_SEARCH_PATHS = "$(inherited) @executable_path/Frameworks @loader_path/Frameworks";
				OTHER_LDFLAGS = "";
				PRODUCT_BUNDLE_IDENTIFIER = "com.codecrafters.iCanGo-iOSTests";
				PRODUCT_NAME = "$(TARGET_NAME)";
				TEST_HOST = "$(BUILT_PRODUCTS_DIR)/iCanGo-iOS.app/iCanGo-iOS";
			};
			name = Debug;
		};
		79F4183A1D043B36002131C7 /* Release */ = {
			isa = XCBuildConfiguration;
			buildSettings = {
				BUNDLE_LOADER = "$(TEST_HOST)";
				INFOPLIST_FILE = "iCanGo-iOSTests/Info.plist";
				LD_RUNPATH_SEARCH_PATHS = "$(inherited) @executable_path/Frameworks @loader_path/Frameworks";
				OTHER_LDFLAGS = "";
				PRODUCT_BUNDLE_IDENTIFIER = "com.codecrafters.iCanGo-iOSTests";
				PRODUCT_NAME = "$(TARGET_NAME)";
				TEST_HOST = "$(BUILT_PRODUCTS_DIR)/iCanGo-iOS.app/iCanGo-iOS";
			};
			name = Release;
		};
/* End XCBuildConfiguration section */

/* Begin XCConfigurationList section */
		79F418181D043B36002131C7 /* Build configuration list for PBXProject "iCanGo-iOS" */ = {
			isa = XCConfigurationList;
			buildConfigurations = (
				79F418331D043B36002131C7 /* Debug */,
				79F418341D043B36002131C7 /* Release */,
			);
			defaultConfigurationIsVisible = 0;
			defaultConfigurationName = Release;
		};
		79F418351D043B36002131C7 /* Build configuration list for PBXNativeTarget "iCanGo-iOS" */ = {
			isa = XCConfigurationList;
			buildConfigurations = (
				79F418361D043B36002131C7 /* Debug */,
				79F418371D043B36002131C7 /* Release */,
			);
			defaultConfigurationIsVisible = 0;
			defaultConfigurationName = Release;
		};
		79F418381D043B36002131C7 /* Build configuration list for PBXNativeTarget "iCanGo-iOSTests" */ = {
			isa = XCConfigurationList;
			buildConfigurations = (
				79F418391D043B36002131C7 /* Debug */,
				79F4183A1D043B36002131C7 /* Release */,
			);
			defaultConfigurationIsVisible = 0;
			defaultConfigurationName = Release;
		};
/* End XCConfigurationList section */
	};
	rootObject = 79F418151D043B36002131C7 /* Project object */;
}
